
Microsoft Visual Studio Solution File, Format Version 12.00
Project("{FAE04EC0-301F-11D3-BF4B-00C04F79EFBC}") = "CarStore.HttpApi", "CarStore.HttpApi.csproj", "{02A3BF25-5A88-4F71-BDF2-8E65324B675C}"
EndProject
Project("{2150E333-8FDC-42A3-9474-1A3956D46DE8}") = "modules", "modules", "{91545BC9-DEBB-4DF1-AAA2-D50DF21CC598}"
EndProject
Project("{2150E333-8FDC-42A3-9474-1A3956D46DE8}") = "Car", "Car", "{80396367-AD3B-4CE5-A391-893FF1E2983E}"
EndProject
Project("{FAE04EC0-301F-11D3-BF4B-00C04F79EFBC}") = "Car.Events", "..\modules\Car\Car.Events\Car.Events.csproj", "{22DD3640-6678-4733-855F-9BC3B3943C2B}"
EndProject
Global
	GlobalSection(SolutionConfigurationPlatforms) = preSolution
		Debug|Any CPU = Debug|Any CPU
		Release|Any CPU = Release|Any CPU
	EndGlobalSection
	GlobalSection(ProjectConfigurationPlatforms) = postSolution
		{02A3BF25-5A88-4F71-BDF2-8E65324B675C}.Debug|Any CPU.ActiveCfg = Debug|Any CPU
		{02A3BF25-5A88-4F71-BDF2-8E65324B675C}.Debug|Any CPU.Build.0 = Debug|Any CPU
		{02A3BF25-5A88-4F71-BDF2-8E65324B675C}.Release|Any CPU.ActiveCfg = Release|Any CPU
		{02A3BF25-5A88-4F71-BDF2-8E65324B675C}.Release|Any CPU.Build.0 = Release|Any CPU
		{22DD3640-6678-4733-855F-9BC3B3943C2B}.Debug|Any CPU.ActiveCfg = Debug|Any CPU
		{22DD3640-6678-4733-855F-9BC3B3943C2B}.Debug|Any CPU.Build.0 = Debug|Any CPU
		{22DD3640-6678-4733-855F-9BC3B3943C2B}.Release|Any CPU.ActiveCfg = Release|Any CPU
		{22DD3640-6678-4733-855F-9BC3B3943C2B}.Release|Any CPU.Build.0 = Release|Any CPU
	EndGlobalSection
	GlobalSection(NestedProjects) = preSolution
		{80396367-AD3B-4CE5-A391-893FF1E2983E} = {91545BC9-DEBB-4DF1-AAA2-D50DF21CC598}
		{22DD3640-6678-4733-855F-9BC3B3943C2B} = {80396367-AD3B-4CE5-A391-893FF1E2983E}
	EndGlobalSection
EndGlobal
