
Microsoft Visual Studio Solution File, Format Version 12.00
Project("{FAE04EC0-301F-11D3-BF4B-00C04F79EFBC}") = "CarStore.HttpApi", "CarStore.HttpApi\CarStore.HttpApi.csproj", "{7527C66D-2903-4F63-A40E-183CE594E3BE}"
EndProject
Project("{FAE04EC0-301F-11D3-BF4B-00C04F79EFBC}") = "Car.Events", "..\modules\Car\Car.Events\Car.Events.csproj", "{99751EEE-793B-4BD2-9E68-68A010B6B88B}"
EndProject
Global
	GlobalSection(SolutionConfigurationPlatforms) = preSolution
		Debug|Any CPU = Debug|Any CPU
		Release|Any CPU = Release|Any CPU
	EndGlobalSection
	GlobalSection(ProjectConfigurationPlatforms) = postSolution
		{7527C66D-2903-4F63-A40E-183CE594E3BE}.Debug|Any CPU.ActiveCfg = Debug|Any CPU
		{7527C66D-2903-4F63-A40E-183CE594E3BE}.Debug|Any CPU.Build.0 = Debug|Any CPU
		{7527C66D-2903-4F63-A40E-183CE594E3BE}.Release|Any CPU.ActiveCfg = Release|Any CPU
		{7527C66D-2903-4F63-A40E-183CE594E3BE}.Release|Any CPU.Build.0 = Release|Any CPU
		{99751EEE-793B-4BD2-9E68-68A010B6B88B}.Debug|Any CPU.ActiveCfg = Debug|Any CPU
		{99751EEE-793B-4BD2-9E68-68A010B6B88B}.Debug|Any CPU.Build.0 = Debug|Any CPU
		{99751EEE-793B-4BD2-9E68-68A010B6B88B}.Release|Any CPU.ActiveCfg = Release|Any CPU
		{99751EEE-793B-4BD2-9E68-68A010B6B88B}.Release|Any CPU.Build.0 = Release|Any CPU
	EndGlobalSection
EndGlobal
